// !$*UTF8*$!
{
	archiveVersion = 1;
	classes = {
	};
	objectVersion = 48;
	objects = {

/* Begin PBXGroup section */
		B1CB667E1F84AF8500DAC561 = {
			isa = PBXGroup;
			children = (
			);
			sourceTree = "<group>";
		};
/* End PBXGroup section */

/* Begin PBXProject section */
		B1CB667F1F84AF8500DAC561 /* Project object */ = {
			isa = PBXProject;
			attributes = {
				LastUpgradeCheck = 0900;
			};
			buildConfigurationList = B1CB66821F84AF8500DAC561 /* Build configuration list for PBXProject "Node js" */;
			compatibilityVersion = "Xcode 8.0";
			developmentRegion = en;
			hasScannedForEncodings = 0;
			knownRegions = (
				en,
			);
			mainGroup = B1CB667E1F84AF8500DAC561;
			projectDirPath = "";
			projectRoot = "";
			targets = (
			);
		};
/* End PBXProject section */

/* Begin XCBuildConfiguration section */
		B1CB66831F84AF8500DAC561 /* Debug */ = {
			isa = XCBuildConfiguration;
			buildSettings = {
			};
			name = Debug;
		};
		B1CB66841F84AF8500DAC561 /* Release */ = {
			isa = XCBuildConfiguration;
			buildSettings = {
			};
			name = Release;
		};
/* End XCBuildConfiguration section */

/* Begin XCConfigurationList section */
		B1CB66821F84AF8500DAC561 /* Build configuration list for PBXProject "Node js" */ = {
			isa = XCConfigurationList;
			buildConfigurations = (
				B1CB66831F84AF8500DAC561 /* Debug */,
				B1CB66841F84AF8500DAC561 /* Release */,
			);
			defaultConfigurationIsVisible = 0;
			defaultConfigurationName = Release;
		};
/* End XCConfigurationList section */
	};
	rootObject = B1CB667F1F84AF8500DAC561 /* Project object */;
}
